{
  "name": "assets",
  "lockfileVersion": 2,
  "requires": true,
  "packages": {
    "": {
      "dependencies": {
        "debounce": "^1.2.1",
        "konva": "^8.3.14"
      }
    },
    "node_modules/debounce": {
      "version": "1.2.1",
      "resolved": "https://registry.npmjs.org/debounce/-/debounce-1.2.1.tgz",
      "integrity": "sha512-XRRe6Glud4rd/ZGQfiV1ruXSfbvfJedlV9Y6zOlP+2K04vBYiJEte6stfFkCP03aMnY5tsipamumUjL14fofug=="
    },
    "node_modules/konva": {
      "version": "8.3.14",
      "resolved": "https://registry.npmjs.org/konva/-/konva-8.3.14.tgz",
      "integrity": "sha512-6I/TZppgY3Frs//AvZ87YVQLFxLywitb8wLS3qMM+Ih9e4QcB5Yy8br6eq7DdUzxPdbsYTz1FQBHzNxs08M1Tw==",
      "funding": [
        {
          "type": "patreon",
          "url": "https://www.patreon.com/lavrton"
        },
        {
          "type": "opencollective",
          "url": "https://opencollective.com/konva"
        },
        {
          "type": "github",
          "url": "https://github.com/sponsors/lavrton"
        }
      ]
    }
  },
  "dependencies": {
    "konva": {
      "version": "8.3.14",
      "resolved": "https://registry.npmjs.org/konva/-/konva-8.3.14.tgz",
      "integrity": "sha512-6I/TZppgY3Frs//AvZ87YVQLFxLywitb8wLS3qMM+Ih9e4QcB5Yy8br6eq7DdUzxPdbsYTz1FQBHzNxs08M1Tw=="
    }
  }
}